
Microsoft Visual Studio Solution File, Format Version 12.00
# Visual Studio Version 16
VisualStudioVersion = 16.0.29215.179
MinimumVisualStudioVersion = 10.0.40219.1
Project("{FAE04EC0-301F-11D3-BF4B-00C04F79EFBC}") = "AMSISample", "AMSISample\AMSISample.csproj", "{4E83BFA4-5B26-409E-97F0-F48134C879D3}"
EndProject
Project("{9A19103F-16F7-4668-BE54-9A1E7A4F7556}") = "MalwareScan.AMSI", "..\MalwareScan.AMSI\src\MalwareScan.AMSI\MalwareScan.AMSI.csproj", "{DB5B3BD4-B06D-4A79-9DA9-86257A3220AB}"
EndProject
Global
	GlobalSection(SolutionConfigurationPlatforms) = preSolution
		Debug|Any CPU = Debug|Any CPU
		Debug|x64 = Debug|x64
		Release|Any CPU = Release|Any CPU
		Release|x64 = Release|x64
	EndGlobalSection
	GlobalSection(ProjectConfigurationPlatforms) = postSolution
		{4E83BFA4-5B26-409E-97F0-F48134C879D3}.Debug|Any CPU.ActiveCfg = Debug|Any CPU
		{4E83BFA4-5B26-409E-97F0-F48134C879D3}.Debug|Any CPU.Build.0 = Debug|Any CPU
		{4E83BFA4-5B26-409E-97F0-F48134C879D3}.Debug|x64.ActiveCfg = Debug|x64
		{4E83BFA4-5B26-409E-97F0-F48134C879D3}.Debug|x64.Build.0 = Debug|x64
		{4E83BFA4-5B26-409E-97F0-F48134C879D3}.Release|Any CPU.ActiveCfg = Release|Any CPU
		{4E83BFA4-5B26-409E-97F0-F48134C879D3}.Release|Any CPU.Build.0 = Release|Any CPU
		{4E83BFA4-5B26-409E-97F0-F48134C879D3}.Release|x64.ActiveCfg = Release|x64
		{4E83BFA4-5B26-409E-97F0-F48134C879D3}.Release|x64.Build.0 = Release|x64
		{DB5B3BD4-B06D-4A79-9DA9-86257A3220AB}.Debug|Any CPU.ActiveCfg = Debug|Any CPU
		{DB5B3BD4-B06D-4A79-9DA9-86257A3220AB}.Debug|Any CPU.Build.0 = Debug|Any CPU
		{DB5B3BD4-B06D-4A79-9DA9-86257A3220AB}.Debug|x64.ActiveCfg = Debug|x64
		{DB5B3BD4-B06D-4A79-9DA9-86257A3220AB}.Debug|x64.Build.0 = Debug|x64
		{DB5B3BD4-B06D-4A79-9DA9-86257A3220AB}.Release|Any CPU.ActiveCfg = Release|Any CPU
		{DB5B3BD4-B06D-4A79-9DA9-86257A3220AB}.Release|Any CPU.Build.0 = Release|Any CPU
		{DB5B3BD4-B06D-4A79-9DA9-86257A3220AB}.Release|x64.ActiveCfg = Release|x64
		{DB5B3BD4-B06D-4A79-9DA9-86257A3220AB}.Release|x64.Build.0 = Release|x64
	EndGlobalSection
	GlobalSection(SolutionProperties) = preSolution
		HideSolutionNode = FALSE
	EndGlobalSection
	GlobalSection(ExtensibilityGlobals) = postSolution
		SolutionGuid = {BF060E33-CF01-401F-BD6F-50D520519404}
	EndGlobalSection
EndGlobal
